
Microsoft Visual Studio Solution File, Format Version 12.00
# Visual Studio Version 16
VisualStudioVersion = 16.0.32413.511
MinimumVisualStudioVersion = 10.0.40219.1
Project("{FAE04EC0-301F-11D3-BF4B-00C04F79EFBC}") = "Example1", "practice\Example1.csproj", "{0A15B0F7-B0F0-4D40-9C9E-8672D5D2C90C}"
EndProject
Project("{FAE04EC0-301F-11D3-BF4B-00C04F79EFBC}") = "Example2", "Example2\Example2.csproj", "{18B20D3F-AEF3-40A2-9ED5-6CB791B22019}"
EndProject
Project("{FAE04EC0-301F-11D3-BF4B-00C04F79EFBC}") = "Example3", "Example3\Example3.csproj", "{BC3FFD12-1E5E-4AA2-96D4-318A1C7CA0EC}"
EndProject
Project("{FAE04EC0-301F-11D3-BF4B-00C04F79EFBC}") = "Example4", "Example4\Example4.csproj", "{EB71693E-6CD2-42D2-8E13-C32784A31C17}"
EndProject
Project("{FAE04EC0-301F-11D3-BF4B-00C04F79EFBC}") = "Example5", "Example5\Example5.csproj", "{5AFFE43A-B274-46F9-8E39-0B6E61669E0C}"
EndProject
Project("{FAE04EC0-301F-11D3-BF4B-00C04F79EFBC}") = "Example6", "Eample5\Example6.csproj", "{8A453C8F-6A4A-4E09-AE38-2B998E0BD264}"
EndProject
Project("{FAE04EC0-301F-11D3-BF4B-00C04F79EFBC}") = "Example7", "Example7\Example7.csproj", "{67B35B3E-BEC9-4C01-999E-675F7E7C5B81}"
EndProject
Project("{FAE04EC0-301F-11D3-BF4B-00C04F79EFBC}") = "Example8", "Example8\Example8.csproj", "{01A3F207-5C9A-471A-BD0B-15162B1F44B4}"
EndProject
Project("{FAE04EC0-301F-11D3-BF4B-00C04F79EFBC}") = "Example9", "Example9\Example9.csproj", "{B282D1F2-9EF9-49C4-AF96-8487543906F3}"
EndProject
Project("{FAE04EC0-301F-11D3-BF4B-00C04F79EFBC}") = "Example10", "Example10\Example10.csproj", "{FA3809F4-3E72-4D9A-BCA8-7ECAAAAFA5FA}"
EndProject
Project("{FAE04EC0-301F-11D3-BF4B-00C04F79EFBC}") = "Example11", "Example11\Example11.csproj", "{D662BFA7-80B8-469E-81B6-62251F57ADCB}"
EndProject
Project("{FAE04EC0-301F-11D3-BF4B-00C04F79EFBC}") = "Example12", "Example12\Example12.csproj", "{1D34D52D-B071-4DAF-AC99-C33FBC99DBF3}"
EndProject
Project("{FAE04EC0-301F-11D3-BF4B-00C04F79EFBC}") = "Example13", "Example13\Example13.csproj", "{53348CD8-2A31-4499-8EF2-ECA848AC37A4}"
EndProject
Project("{FAE04EC0-301F-11D3-BF4B-00C04F79EFBC}") = "Example14", "Example14\Example14.csproj", "{CD19E97A-F7A5-49AC-B27A-9EC448554707}"
EndProject
Project("{FAE04EC0-301F-11D3-BF4B-00C04F79EFBC}") = "Example15", "Exam[le15\Example15.csproj", "{1900A343-3E5E-481F-B0C7-97DF7D839FEC}"
EndProject
Project("{FAE04EC0-301F-11D3-BF4B-00C04F79EFBC}") = "Example16", "Example16\Example16.csproj", "{A7A86712-9B50-4752-AC9B-FFCACDB43CA0}"
EndProject
Project("{FAE04EC0-301F-11D3-BF4B-00C04F79EFBC}") = "Example17", "Example17\Example17.csproj", "{94E2FB8E-7FC9-4E7F-8567-A85A43A78521}"
EndProject
Global
	GlobalSection(SolutionConfigurationPlatforms) = preSolution
		Debug|Any CPU = Debug|Any CPU
		Release|Any CPU = Release|Any CPU
	EndGlobalSection
	GlobalSection(ProjectConfigurationPlatforms) = postSolution
		{0A15B0F7-B0F0-4D40-9C9E-8672D5D2C90C}.Debug|Any CPU.ActiveCfg = Debug|Any CPU
		{0A15B0F7-B0F0-4D40-9C9E-8672D5D2C90C}.Debug|Any CPU.Build.0 = Debug|Any CPU
		{0A15B0F7-B0F0-4D40-9C9E-8672D5D2C90C}.Release|Any CPU.ActiveCfg = Release|Any CPU
		{0A15B0F7-B0F0-4D40-9C9E-8672D5D2C90C}.Release|Any CPU.Build.0 = Release|Any CPU
		{18B20D3F-AEF3-40A2-9ED5-6CB791B22019}.Debug|Any CPU.ActiveCfg = Debug|Any CPU
		{18B20D3F-AEF3-40A2-9ED5-6CB791B22019}.Debug|Any CPU.Build.0 = Debug|Any CPU
		{18B20D3F-AEF3-40A2-9ED5-6CB791B22019}.Release|Any CPU.ActiveCfg = Release|Any CPU
		{18B20D3F-AEF3-40A2-9ED5-6CB791B22019}.Release|Any CPU.Build.0 = Release|Any CPU
		{BC3FFD12-1E5E-4AA2-96D4-318A1C7CA0EC}.Debug|Any CPU.ActiveCfg = Debug|Any CPU
		{BC3FFD12-1E5E-4AA2-96D4-318A1C7CA0EC}.Debug|Any CPU.Build.0 = Debug|Any CPU
		{BC3FFD12-1E5E-4AA2-96D4-318A1C7CA0EC}.Release|Any CPU.ActiveCfg = Release|Any CPU
		{BC3FFD12-1E5E-4AA2-96D4-318A1C7CA0EC}.Release|Any CPU.Build.0 = Release|Any CPU
		{EB71693E-6CD2-42D2-8E13-C32784A31C17}.Debug|Any CPU.ActiveCfg = Debug|Any CPU
		{EB71693E-6CD2-42D2-8E13-C32784A31C17}.Debug|Any CPU.Build.0 = Debug|Any CPU
		{EB71693E-6CD2-42D2-8E13-C32784A31C17}.Release|Any CPU.ActiveCfg = Release|Any CPU
		{EB71693E-6CD2-42D2-8E13-C32784A31C17}.Release|Any CPU.Build.0 = Release|Any CPU
		{5AFFE43A-B274-46F9-8E39-0B6E61669E0C}.Debug|Any CPU.ActiveCfg = Debug|Any CPU
		{5AFFE43A-B274-46F9-8E39-0B6E61669E0C}.Debug|Any CPU.Build.0 = Debug|Any CPU
		{5AFFE43A-B274-46F9-8E39-0B6E61669E0C}.Release|Any CPU.ActiveCfg = Release|Any CPU
		{5AFFE43A-B274-46F9-8E39-0B6E61669E0C}.Release|Any CPU.Build.0 = Release|Any CPU
		{8A453C8F-6A4A-4E09-AE38-2B998E0BD264}.Debug|Any CPU.ActiveCfg = Debug|Any CPU
		{8A453C8F-6A4A-4E09-AE38-2B998E0BD264}.Debug|Any CPU.Build.0 = Debug|Any CPU
		{8A453C8F-6A4A-4E09-AE38-2B998E0BD264}.Release|Any CPU.ActiveCfg = Release|Any CPU
		{8A453C8F-6A4A-4E09-AE38-2B998E0BD264}.Release|Any CPU.Build.0 = Release|Any CPU
		{67B35B3E-BEC9-4C01-999E-675F7E7C5B81}.Debug|Any CPU.ActiveCfg = Debug|Any CPU
		{67B35B3E-BEC9-4C01-999E-675F7E7C5B81}.Debug|Any CPU.Build.0 = Debug|Any CPU
		{67B35B3E-BEC9-4C01-999E-675F7E7C5B81}.Release|Any CPU.ActiveCfg = Release|Any CPU
		{67B35B3E-BEC9-4C01-999E-675F7E7C5B81}.Release|Any CPU.Build.0 = Release|Any CPU
		{01A3F207-5C9A-471A-BD0B-15162B1F44B4}.Debug|Any CPU.ActiveCfg = Debug|Any CPU
		{01A3F207-5C9A-471A-BD0B-15162B1F44B4}.Debug|Any CPU.Build.0 = Debug|Any CPU
		{01A3F207-5C9A-471A-BD0B-15162B1F44B4}.Release|Any CPU.ActiveCfg = Release|Any CPU
		{01A3F207-5C9A-471A-BD0B-15162B1F44B4}.Release|Any CPU.Build.0 = Release|Any CPU
		{B282D1F2-9EF9-49C4-AF96-8487543906F3}.Debug|Any CPU.ActiveCfg = Debug|Any CPU
		{B282D1F2-9EF9-49C4-AF96-8487543906F3}.Debug|Any CPU.Build.0 = Debug|Any CPU
		{B282D1F2-9EF9-49C4-AF96-8487543906F3}.Release|Any CPU.ActiveCfg = Release|Any CPU
		{B282D1F2-9EF9-49C4-AF96-8487543906F3}.Release|Any CPU.Build.0 = Release|Any CPU
		{FA3809F4-3E72-4D9A-BCA8-7ECAAAAFA5FA}.Debug|Any CPU.ActiveCfg = Debug|Any CPU
		{FA3809F4-3E72-4D9A-BCA8-7ECAAAAFA5FA}.Debug|Any CPU.Build.0 = Debug|Any CPU
		{FA3809F4-3E72-4D9A-BCA8-7ECAAAAFA5FA}.Release|Any CPU.ActiveCfg = Release|Any CPU
		{FA3809F4-3E72-4D9A-BCA8-7ECAAAAFA5FA}.Release|Any CPU.Build.0 = Release|Any CPU
		{D662BFA7-80B8-469E-81B6-62251F57ADCB}.Debug|Any CPU.ActiveCfg = Debug|Any CPU
		{D662BFA7-80B8-469E-81B6-62251F57ADCB}.Debug|Any CPU.Build.0 = Debug|Any CPU
		{D662BFA7-80B8-469E-81B6-62251F57ADCB}.Release|Any CPU.ActiveCfg = Release|Any CPU
		{D662BFA7-80B8-469E-81B6-62251F57ADCB}.Release|Any CPU.Build.0 = Release|Any CPU
		{1D34D52D-B071-4DAF-AC99-C33FBC99DBF3}.Debug|Any CPU.ActiveCfg = Debug|Any CPU
		{1D34D52D-B071-4DAF-AC99-C33FBC99DBF3}.Debug|Any CPU.Build.0 = Debug|Any CPU
		{1D34D52D-B071-4DAF-AC99-C33FBC99DBF3}.Release|Any CPU.ActiveCfg = Release|Any CPU
		{1D34D52D-B071-4DAF-AC99-C33FBC99DBF3}.Release|Any CPU.Build.0 = Release|Any CPU
		{53348CD8-2A31-4499-8EF2-ECA848AC37A4}.Debug|Any CPU.ActiveCfg = Debug|Any CPU
		{53348CD8-2A31-4499-8EF2-ECA848AC37A4}.Debug|Any CPU.Build.0 = Debug|Any CPU
		{53348CD8-2A31-4499-8EF2-ECA848AC37A4}.Release|Any CPU.ActiveCfg = Release|Any CPU
		{53348CD8-2A31-4499-8EF2-ECA848AC37A4}.Release|Any CPU.Build.0 = Release|Any CPU
		{CD19E97A-F7A5-49AC-B27A-9EC448554707}.Debug|Any CPU.ActiveCfg = Debug|Any CPU
		{CD19E97A-F7A5-49AC-B27A-9EC448554707}.Debug|Any CPU.Build.0 = Debug|Any CPU
		{CD19E97A-F7A5-49AC-B27A-9EC448554707}.Release|Any CPU.ActiveCfg = Release|Any CPU
		{CD19E97A-F7A5-49AC-B27A-9EC448554707}.Release|Any CPU.Build.0 = Release|Any CPU
		{1900A343-3E5E-481F-B0C7-97DF7D839FEC}.Debug|Any CPU.ActiveCfg = Debug|Any CPU
		{1900A343-3E5E-481F-B0C7-97DF7D839FEC}.Debug|Any CPU.Build.0 = Debug|Any CPU
		{1900A343-3E5E-481F-B0C7-97DF7D839FEC}.Release|Any CPU.ActiveCfg = Release|Any CPU
		{1900A343-3E5E-481F-B0C7-97DF7D839FEC}.Release|Any CPU.Build.0 = Release|Any CPU
		{A7A86712-9B50-4752-AC9B-FFCACDB43CA0}.Debug|Any CPU.ActiveCfg = Debug|Any CPU
		{A7A86712-9B50-4752-AC9B-FFCACDB43CA0}.Debug|Any CPU.Build.0 = Debug|Any CPU
		{A7A86712-9B50-4752-AC9B-FFCACDB43CA0}.Release|Any CPU.ActiveCfg = Release|Any CPU
		{A7A86712-9B50-4752-AC9B-FFCACDB43CA0}.Release|Any CPU.Build.0 = Release|Any CPU
		{94E2FB8E-7FC9-4E7F-8567-A85A43A78521}.Debug|Any CPU.ActiveCfg = Debug|Any CPU
		{94E2FB8E-7FC9-4E7F-8567-A85A43A78521}.Debug|Any CPU.Build.0 = Debug|Any CPU
		{94E2FB8E-7FC9-4E7F-8567-A85A43A78521}.Release|Any CPU.ActiveCfg = Release|Any CPU
		{94E2FB8E-7FC9-4E7F-8567-A85A43A78521}.Release|Any CPU.Build.0 = Release|Any CPU
	EndGlobalSection
	GlobalSection(SolutionProperties) = preSolution
		HideSolutionNode = FALSE
	EndGlobalSection
	GlobalSection(ExtensibilityGlobals) = postSolution
		SolutionGuid = {8F69B7AF-FE22-4327-ABF6-A7875BADE8D8}
	EndGlobalSection
EndGlobal
